// !$*UTF8*$!
{
	archiveVersion = 1;
	classes = {
	};
	objectVersion = 51;
	objects = {

/* Begin PBXBuildFile section */
		01747CC72315952790989FCF /* Pods_SiriNewTests.framework in Frameworks */ = {isa = PBXBuildFile; fileRef = 6845D65784A163C6D29DBF51 /* Pods_SiriNewTests.framework */; };
		85404F5023C5348700E355F8 /* GoogleService-Info.plist in Resources */ = {isa = PBXBuildFile; fileRef = 85404F4F23C5348700E355F8 /* GoogleService-Info.plist */; };
		85404F5223C5385A00E355F8 /* ButtonTableViewCell.swift in Sources */ = {isa = PBXBuildFile; fileRef = 85404F5123C5385A00E355F8 /* ButtonTableViewCell.swift */; };
		85404F5423C63FC600E355F8 /* ButtonList.swift in Sources */ = {isa = PBXBuildFile; fileRef = 85404F5323C63FC600E355F8 /* ButtonList.swift */; };
		85404F5C23C6820700E355F8 /* IntentHandler.swift in Sources */ = {isa = PBXBuildFile; fileRef = 85404F5B23C6820700E355F8 /* IntentHandler.swift */; };
		85404F6323C6820700E355F8 /* IntentsUI.framework in Frameworks */ = {isa = PBXBuildFile; fileRef = 856F995023A2E553001AA655 /* IntentsUI.framework */; };
		85404F6623C6820700E355F8 /* IntentViewController.swift in Sources */ = {isa = PBXBuildFile; fileRef = 85404F6523C6820700E355F8 /* IntentViewController.swift */; };
		85404F6923C6820700E355F8 /* MainInterface.storyboard in Resources */ = {isa = PBXBuildFile; fileRef = 85404F6723C6820700E355F8 /* MainInterface.storyboard */; };
		85404F6D23C6820700E355F8 /* onOrOffUI.appex in Embed App Extensions */ = {isa = PBXBuildFile; fileRef = 85404F6223C6820700E355F8 /* onOrOffUI.appex */; settings = {ATTRIBUTES = (RemoveHeadersOnCopy, ); }; };
		85404F7023C6820700E355F8 /* onOrOff.appex in Embed App Extensions */ = {isa = PBXBuildFile; fileRef = 85404F5923C6820700E355F8 /* onOrOff.appex */; settings = {ATTRIBUTES = (RemoveHeadersOnCopy, ); }; };
		85404F7923C6875900E355F8 /* LightIntents.intentdefinition in Sources */ = {isa = PBXBuildFile; fileRef = 85404F7823C6875900E355F8 /* LightIntents.intentdefinition */; settings = {ATTRIBUTES = (no_codegen, ); }; };
		85404F7E23C791CA00E355F8 /* LightIntents.intentdefinition in Sources */ = {isa = PBXBuildFile; fileRef = 85404F7823C6875900E355F8 /* LightIntents.intentdefinition */; settings = {ATTRIBUTES = (no_codegen, ); }; };
		85404F7F23C791CB00E355F8 /* LightIntents.intentdefinition in Sources */ = {isa = PBXBuildFile; fileRef = 85404F7823C6875900E355F8 /* LightIntents.intentdefinition */; settings = {ATTRIBUTES = (no_codegen, ); }; };
		85404F8123C79CD000E355F8 /* IntentHelper.swift in Sources */ = {isa = PBXBuildFile; fileRef = 85404F8023C79CD000E355F8 /* IntentHelper.swift */; };
		85404F8323C7A25100E355F8 /* LightIntentHandler.swift in Sources */ = {isa = PBXBuildFile; fileRef = 85404F8223C7A25100E355F8 /* LightIntentHandler.swift */; };
		854F110323CE2DC70021C7DE /* LightActivity.swift in Sources */ = {isa = PBXBuildFile; fileRef = 854F110223CE2DC70021C7DE /* LightActivity.swift */; };
		8550B791256ED8D9002D7E2D /* rules.swiftlint.yml in Resources */ = {isa = PBXBuildFile; fileRef = 8550B790256ED8D9002D7E2D /* rules.swiftlint.yml */; };
		856F992623A29725001AA655 /* AppDelegate.swift in Sources */ = {isa = PBXBuildFile; fileRef = 856F992523A29725001AA655 /* AppDelegate.swift */; };
		856F992823A29725001AA655 /* SceneDelegate.swift in Sources */ = {isa = PBXBuildFile; fileRef = 856F992723A29725001AA655 /* SceneDelegate.swift */; };
		856F992A23A29725001AA655 /* ViewController.swift in Sources */ = {isa = PBXBuildFile; fileRef = 856F992923A29725001AA655 /* ViewController.swift */; };
		856F992D23A29725001AA655 /* Main.storyboard in Resources */ = {isa = PBXBuildFile; fileRef = 856F992B23A29725001AA655 /* Main.storyboard */; };
		856F993023A29725001AA655 /* SiriNew.xcdatamodeld in Sources */ = {isa = PBXBuildFile; fileRef = 856F992E23A29725001AA655 /* SiriNew.xcdatamodeld */; };
		856F993223A29728001AA655 /* Assets.xcassets in Resources */ = {isa = PBXBuildFile; fileRef = 856F993123A29728001AA655 /* Assets.xcassets */; };
		856F993523A29728001AA655 /* LaunchScreen.storyboard in Resources */ = {isa = PBXBuildFile; fileRef = 856F993323A29728001AA655 /* LaunchScreen.storyboard */; };
		856F994023A29729001AA655 /* SiriNewTests.swift in Sources */ = {isa = PBXBuildFile; fileRef = 856F993F23A29729001AA655 /* SiriNewTests.swift */; };
		856F994F23A2E54A001AA655 /* Intents.framework in Frameworks */ = {isa = PBXBuildFile; fileRef = 856F994E23A2E54A001AA655 /* Intents.framework */; };
		856F995123A2E553001AA655 /* IntentsUI.framework in Frameworks */ = {isa = PBXBuildFile; fileRef = 856F995023A2E553001AA655 /* IntentsUI.framework */; };
		856F995523A421AC001AA655 /* Status.swift in Sources */ = {isa = PBXBuildFile; fileRef = 856F995423A421AC001AA655 /* Status.swift */; };
		856F995723A42B48001AA655 /* FirebaseService.swift in Sources */ = {isa = PBXBuildFile; fileRef = 856F995623A42B48001AA655 /* FirebaseService.swift */; };
		C842490EA5597A1D81CAEF61 /* Pods_SiriNew.framework in Frameworks */ = {isa = PBXBuildFile; fileRef = 6128D0186C018B778924F7C8 /* Pods_SiriNew.framework */; };
/* End PBXBuildFile section */

/* Begin PBXContainerItemProxy section */
		85404F6B23C6820700E355F8 /* PBXContainerItemProxy */ = {
			isa = PBXContainerItemProxy;
			containerPortal = 856F991A23A29725001AA655 /* Project object */;
			proxyType = 1;
			remoteGlobalIDString = 85404F6123C6820700E355F8;
			remoteInfo = onOrOffUI;
		};
		85404F6E23C6820700E355F8 /* PBXContainerItemProxy */ = {
			isa = PBXContainerItemProxy;
			containerPortal = 856F991A23A29725001AA655 /* Project object */;
			proxyType = 1;
			remoteGlobalIDString = 85404F5823C6820700E355F8;
			remoteInfo = onOrOff;
		};
		856F993C23A29729001AA655 /* PBXContainerItemProxy */ = {
			isa = PBXContainerItemProxy;
			containerPortal = 856F991A23A29725001AA655 /* Project object */;
			proxyType = 1;
			remoteGlobalIDString = 856F992123A29725001AA655;
			remoteInfo = SiriNew;
		};
/* End PBXContainerItemProxy section */

/* Begin PBXCopyFilesBuildPhase section */
		85404F7723C6820700E355F8 /* Embed App Extensions */ = {
			isa = PBXCopyFilesBuildPhase;
			buildActionMask = 2147483647;
			dstPath = "";
			dstSubfolderSpec = 13;
			files = (
				85404F7023C6820700E355F8 /* onOrOff.appex in Embed App Extensions */,
				85404F6D23C6820700E355F8 /* onOrOffUI.appex in Embed App Extensions */,
			);
			name = "Embed App Extensions";
			runOnlyForDeploymentPostprocessing = 0;
		};
/* End PBXCopyFilesBuildPhase section */

/* Begin PBXFileReference section */
		14051BC6DEBA4AFA49942B09 /* Pods-SiriNew.debug.xcconfig */ = {isa = PBXFileReference; includeInIndex = 1; lastKnownFileType = text.xcconfig; name = "Pods-SiriNew.debug.xcconfig"; path = "Target Support Files/Pods-SiriNew/Pods-SiriNew.debug.xcconfig"; sourceTree = "<group>"; };
		227185C0762068489A639DCE /* Pods-SiriNewTests.debug.xcconfig */ = {isa = PBXFileReference; includeInIndex = 1; lastKnownFileType = text.xcconfig; name = "Pods-SiriNewTests.debug.xcconfig"; path = "Target Support Files/Pods-SiriNewTests/Pods-SiriNewTests.debug.xcconfig"; sourceTree = "<group>"; };
		24F5CF4DF92771DCDCD6CAC5 /* Pods-SiriNewTests.release.xcconfig */ = {isa = PBXFileReference; includeInIndex = 1; lastKnownFileType = text.xcconfig; name = "Pods-SiriNewTests.release.xcconfig"; path = "Target Support Files/Pods-SiriNewTests/Pods-SiriNewTests.release.xcconfig"; sourceTree = "<group>"; };
		6128D0186C018B778924F7C8 /* Pods_SiriNew.framework */ = {isa = PBXFileReference; explicitFileType = wrapper.framework; includeInIndex = 0; path = Pods_SiriNew.framework; sourceTree = BUILT_PRODUCTS_DIR; };
		6845D65784A163C6D29DBF51 /* Pods_SiriNewTests.framework */ = {isa = PBXFileReference; explicitFileType = wrapper.framework; includeInIndex = 0; path = Pods_SiriNewTests.framework; sourceTree = BUILT_PRODUCTS_DIR; };
		7CD7537E191E15951898C59C /* Pods-SiriNew.release.xcconfig */ = {isa = PBXFileReference; includeInIndex = 1; lastKnownFileType = text.xcconfig; name = "Pods-SiriNew.release.xcconfig"; path = "Target Support Files/Pods-SiriNew/Pods-SiriNew.release.xcconfig"; sourceTree = "<group>"; };
		85404F4F23C5348700E355F8 /* GoogleService-Info.plist */ = {isa = PBXFileReference; fileEncoding = 4; lastKnownFileType = text.plist.xml; path = "GoogleService-Info.plist"; sourceTree = "<group>"; };
		85404F5123C5385A00E355F8 /* ButtonTableViewCell.swift */ = {isa = PBXFileReference; lastKnownFileType = sourcecode.swift; path = ButtonTableViewCell.swift; sourceTree = "<group>"; };
		85404F5323C63FC600E355F8 /* ButtonList.swift */ = {isa = PBXFileReference; lastKnownFileType = sourcecode.swift; path = ButtonList.swift; sourceTree = "<group>"; };
		85404F5923C6820700E355F8 /* onOrOff.appex */ = {isa = PBXFileReference; explicitFileType = "wrapper.app-extension"; includeInIndex = 0; path = onOrOff.appex; sourceTree = BUILT_PRODUCTS_DIR; };
		85404F5B23C6820700E355F8 /* IntentHandler.swift */ = {isa = PBXFileReference; lastKnownFileType = sourcecode.swift; path = IntentHandler.swift; sourceTree = "<group>"; };
		85404F5D23C6820700E355F8 /* Info.plist */ = {isa = PBXFileReference; lastKnownFileType = text.plist.xml; path = Info.plist; sourceTree = "<group>"; };
		85404F6223C6820700E355F8 /* onOrOffUI.appex */ = {isa = PBXFileReference; explicitFileType = "wrapper.app-extension"; includeInIndex = 0; path = onOrOffUI.appex; sourceTree = BUILT_PRODUCTS_DIR; };
		85404F6523C6820700E355F8 /* IntentViewController.swift */ = {isa = PBXFileReference; lastKnownFileType = sourcecode.swift; path = IntentViewController.swift; sourceTree = "<group>"; };
		85404F6823C6820700E355F8 /* Base */ = {isa = PBXFileReference; lastKnownFileType = file.storyboard; name = Base; path = Base.lproj/MainInterface.storyboard; sourceTree = "<group>"; };
		85404F6A23C6820700E355F8 /* Info.plist */ = {isa = PBXFileReference; lastKnownFileType = text.plist.xml; path = Info.plist; sourceTree = "<group>"; };
		85404F7823C6875900E355F8 /* LightIntents.intentdefinition */ = {isa = PBXFileReference; lastKnownFileType = file.intentdefinition; path = LightIntents.intentdefinition; sourceTree = "<group>"; };
		85404F8023C79CD000E355F8 /* IntentHelper.swift */ = {isa = PBXFileReference; lastKnownFileType = sourcecode.swift; path = IntentHelper.swift; sourceTree = "<group>"; };
		85404F8223C7A25100E355F8 /* LightIntentHandler.swift */ = {isa = PBXFileReference; lastKnownFileType = sourcecode.swift; path = LightIntentHandler.swift; sourceTree = "<group>"; };
		85412AED23E3317600F9488C /* onOrOff.entitlements */ = {isa = PBXFileReference; lastKnownFileType = text.plist.entitlements; path = onOrOff.entitlements; sourceTree = "<group>"; };
		854F110223CE2DC70021C7DE /* LightActivity.swift */ = {isa = PBXFileReference; lastKnownFileType = sourcecode.swift; path = LightActivity.swift; sourceTree = "<group>"; };
		8550B790256ED8D9002D7E2D /* rules.swiftlint.yml */ = {isa = PBXFileReference; lastKnownFileType = text.yaml; path = rules.swiftlint.yml; sourceTree = "<group>"; };
		856F992223A29725001AA655 /* SiriNew.app */ = {isa = PBXFileReference; explicitFileType = wrapper.application; includeInIndex = 0; path = SiriNew.app; sourceTree = BUILT_PRODUCTS_DIR; };
		856F992523A29725001AA655 /* AppDelegate.swift */ = {isa = PBXFileReference; lastKnownFileType = sourcecode.swift; path = AppDelegate.swift; sourceTree = "<group>"; };
		856F992723A29725001AA655 /* SceneDelegate.swift */ = {isa = PBXFileReference; lastKnownFileType = sourcecode.swift; path = SceneDelegate.swift; sourceTree = "<group>"; };
		856F992923A29725001AA655 /* ViewController.swift */ = {isa = PBXFileReference; lastKnownFileType = sourcecode.swift; path = ViewController.swift; sourceTree = "<group>"; };
		856F992C23A29725001AA655 /* Base */ = {isa = PBXFileReference; lastKnownFileType = file.storyboard; name = Base; path = Base.lproj/Main.storyboard; sourceTree = "<group>"; };
		856F992F23A29725001AA655 /* SiriNew.xcdatamodel */ = {isa = PBXFileReference; lastKnownFileType = wrapper.xcdatamodel; path = SiriNew.xcdatamodel; sourceTree = "<group>"; };
		856F993123A29728001AA655 /* Assets.xcassets */ = {isa = PBXFileReference; lastKnownFileType = folder.assetcatalog; path = Assets.xcassets; sourceTree = "<group>"; };
		856F993423A29728001AA655 /* Base */ = {isa = PBXFileReference; lastKnownFileType = file.storyboard; name = Base; path = Base.lproj/LaunchScreen.storyboard; sourceTree = "<group>"; };
		856F993623A29729001AA655 /* Info.plist */ = {isa = PBXFileReference; lastKnownFileType = text.plist.xml; path = Info.plist; sourceTree = "<group>"; };
		856F993B23A29729001AA655 /* SiriNewTests.xctest */ = {isa = PBXFileReference; explicitFileType = wrapper.cfbundle; includeInIndex = 0; path = SiriNewTests.xctest; sourceTree = BUILT_PRODUCTS_DIR; };
		856F993F23A29729001AA655 /* SiriNewTests.swift */ = {isa = PBXFileReference; lastKnownFileType = sourcecode.swift; path = SiriNewTests.swift; sourceTree = "<group>"; };
		856F994123A29729001AA655 /* Info.plist */ = {isa = PBXFileReference; lastKnownFileType = text.plist.xml; path = Info.plist; sourceTree = "<group>"; };
		856F994A23A2979B001AA655 /* SiriNew.entitlements */ = {isa = PBXFileReference; lastKnownFileType = text.plist.entitlements; path = SiriNew.entitlements; sourceTree = "<group>"; };
		856F994E23A2E54A001AA655 /* Intents.framework */ = {isa = PBXFileReference; lastKnownFileType = wrapper.framework; name = Intents.framework; path = System/Library/Frameworks/Intents.framework; sourceTree = SDKROOT; };
		856F995023A2E553001AA655 /* IntentsUI.framework */ = {isa = PBXFileReference; lastKnownFileType = wrapper.framework; name = IntentsUI.framework; path = System/Library/Frameworks/IntentsUI.framework; sourceTree = SDKROOT; };
		856F995423A421AC001AA655 /* Status.swift */ = {isa = PBXFileReference; lastKnownFileType = sourcecode.swift; path = Status.swift; sourceTree = "<group>"; };
		856F995623A42B48001AA655 /* FirebaseService.swift */ = {isa = PBXFileReference; lastKnownFileType = sourcecode.swift; path = FirebaseService.swift; sourceTree = "<group>"; };
/* End PBXFileReference section */

/* Begin PBXFrameworksBuildPhase section */
		85404F5623C6820700E355F8 /* Frameworks */ = {
			isa = PBXFrameworksBuildPhase;
			buildActionMask = 2147483647;
			files = (
			);
			runOnlyForDeploymentPostprocessing = 0;
		};
		85404F5F23C6820700E355F8 /* Frameworks */ = {
			isa = PBXFrameworksBuildPhase;
			buildActionMask = 2147483647;
			files = (
				85404F6323C6820700E355F8 /* IntentsUI.framework in Frameworks */,
			);
			runOnlyForDeploymentPostprocessing = 0;
		};
		856F991F23A29725001AA655 /* Frameworks */ = {
			isa = PBXFrameworksBuildPhase;
			buildActionMask = 2147483647;
			files = (
				856F995123A2E553001AA655 /* IntentsUI.framework in Frameworks */,
				856F994F23A2E54A001AA655 /* Intents.framework in Frameworks */,
				C842490EA5597A1D81CAEF61 /* Pods_SiriNew.framework in Frameworks */,
			);
			runOnlyForDeploymentPostprocessing = 0;
		};
		856F993823A29729001AA655 /* Frameworks */ = {
			isa = PBXFrameworksBuildPhase;
			buildActionMask = 2147483647;
			files = (
				01747CC72315952790989FCF /* Pods_SiriNewTests.framework in Frameworks */,
			);
			runOnlyForDeploymentPostprocessing = 0;
		};
/* End PBXFrameworksBuildPhase section */

/* Begin PBXGroup section */
		85404F5A23C6820700E355F8 /* onOrOff */ = {
			isa = PBXGroup;
			children = (
				85412AED23E3317600F9488C /* onOrOff.entitlements */,
				85404F5B23C6820700E355F8 /* IntentHandler.swift */,
				85404F5D23C6820700E355F8 /* Info.plist */,
			);
			path = onOrOff;
			sourceTree = "<group>";
		};
		85404F6423C6820700E355F8 /* onOrOffUI */ = {
			isa = PBXGroup;
			children = (
				85404F6523C6820700E355F8 /* IntentViewController.swift */,
				85404F6723C6820700E355F8 /* MainInterface.storyboard */,
				85404F6A23C6820700E355F8 /* Info.plist */,
			);
			path = onOrOffUI;
			sourceTree = "<group>";
		};
		854F110023CE2CB90021C7DE /* Supporting Files */ = {
			isa = PBXGroup;
			children = (
				856F992523A29725001AA655 /* AppDelegate.swift */,
				856F992723A29725001AA655 /* SceneDelegate.swift */,
				856F992B23A29725001AA655 /* Main.storyboard */,
				856F993123A29728001AA655 /* Assets.xcassets */,
				856F993323A29728001AA655 /* LaunchScreen.storyboard */,
			);
			path = "Supporting Files";
			sourceTree = "<group>";
		};
		854F110123CE2CE30021C7DE /* Model */ = {
			isa = PBXGroup;
			children = (
				856F995423A421AC001AA655 /* Status.swift */,
				856F995623A42B48001AA655 /* FirebaseService.swift */,
				85404F5323C63FC600E355F8 /* ButtonList.swift */,
			);
			path = Model;
			sourceTree = "<group>";
		};
		856F991923A29725001AA655 = {
			isa = PBXGroup;
			children = (
				856F992423A29725001AA655 /* SiriNew */,
				856F993E23A29729001AA655 /* SiriNewTests */,
				85404F5A23C6820700E355F8 /* onOrOff */,
				85404F6423C6820700E355F8 /* onOrOffUI */,
				856F992323A29725001AA655 /* Products */,
				856F994D23A2E549001AA655 /* Frameworks */,
				D682CF3F915674AB0057615F /* Pods */,
			);
			sourceTree = "<group>";
		};
		856F992323A29725001AA655 /* Products */ = {
			isa = PBXGroup;
			children = (
				856F992223A29725001AA655 /* SiriNew.app */,
				856F993B23A29729001AA655 /* SiriNewTests.xctest */,
				85404F5923C6820700E355F8 /* onOrOff.appex */,
				85404F6223C6820700E355F8 /* onOrOffUI.appex */,
			);
			name = Products;
			sourceTree = "<group>";
		};
		856F992423A29725001AA655 /* SiriNew */ = {
			isa = PBXGroup;
			children = (
				856F994A23A2979B001AA655 /* SiriNew.entitlements */,
				854F110023CE2CB90021C7DE /* Supporting Files */,
				854F110123CE2CE30021C7DE /* Model */,
				856F992923A29725001AA655 /* ViewController.swift */,
				8550B790256ED8D9002D7E2D /* rules.swiftlint.yml */,
				85404F5123C5385A00E355F8 /* ButtonTableViewCell.swift */,
				85404F8023C79CD000E355F8 /* IntentHelper.swift */,
				854F110223CE2DC70021C7DE /* LightActivity.swift */,
				85404F8223C7A25100E355F8 /* LightIntentHandler.swift */,
				85404F4F23C5348700E355F8 /* GoogleService-Info.plist */,
				856F993623A29729001AA655 /* Info.plist */,
				856F992E23A29725001AA655 /* SiriNew.xcdatamodeld */,
				85404F7823C6875900E355F8 /* LightIntents.intentdefinition */,
			);
			path = SiriNew;
			sourceTree = "<group>";
		};
		856F993E23A29729001AA655 /* SiriNewTests */ = {
			isa = PBXGroup;
			children = (
				856F993F23A29729001AA655 /* SiriNewTests.swift */,
				856F994123A29729001AA655 /* Info.plist */,
			);
			path = SiriNewTests;
			sourceTree = "<group>";
		};
		856F994D23A2E549001AA655 /* Frameworks */ = {
			isa = PBXGroup;
			children = (
				856F995023A2E553001AA655 /* IntentsUI.framework */,
				856F994E23A2E54A001AA655 /* Intents.framework */,
				6128D0186C018B778924F7C8 /* Pods_SiriNew.framework */,
				6845D65784A163C6D29DBF51 /* Pods_SiriNewTests.framework */,
			);
			name = Frameworks;
			sourceTree = "<group>";
		};
		D682CF3F915674AB0057615F /* Pods */ = {
			isa = PBXGroup;
			children = (
				14051BC6DEBA4AFA49942B09 /* Pods-SiriNew.debug.xcconfig */,
				7CD7537E191E15951898C59C /* Pods-SiriNew.release.xcconfig */,
				227185C0762068489A639DCE /* Pods-SiriNewTests.debug.xcconfig */,
				24F5CF4DF92771DCDCD6CAC5 /* Pods-SiriNewTests.release.xcconfig */,
			);
			path = Pods;
			sourceTree = "<group>";
		};
/* End PBXGroup section */

/* Begin PBXNativeTarget section */
		85404F5823C6820700E355F8 /* onOrOff */ = {
			isa = PBXNativeTarget;
			buildConfigurationList = 85404F7423C6820700E355F8 /* Build configuration list for PBXNativeTarget "onOrOff" */;
			buildPhases = (
				85404F5523C6820700E355F8 /* Sources */,
				85404F5623C6820700E355F8 /* Frameworks */,
				85404F5723C6820700E355F8 /* Resources */,
			);
			buildRules = (
			);
			dependencies = (
			);
			name = onOrOff;
			productName = onOrOff;
			productReference = 85404F5923C6820700E355F8 /* onOrOff.appex */;
			productType = "com.apple.product-type.app-extension";
		};
		85404F6123C6820700E355F8 /* onOrOffUI */ = {
			isa = PBXNativeTarget;
			buildConfigurationList = 85404F7123C6820700E355F8 /* Build configuration list for PBXNativeTarget "onOrOffUI" */;
			buildPhases = (
				85404F5E23C6820700E355F8 /* Sources */,
				85404F5F23C6820700E355F8 /* Frameworks */,
				85404F6023C6820700E355F8 /* Resources */,
			);
			buildRules = (
			);
			dependencies = (
			);
			name = onOrOffUI;
			productName = onOrOffUI;
			productReference = 85404F6223C6820700E355F8 /* onOrOffUI.appex */;
			productType = "com.apple.product-type.app-extension";
		};
		856F992123A29725001AA655 /* SiriNew */ = {
			isa = PBXNativeTarget;
			buildConfigurationList = 856F994423A29729001AA655 /* Build configuration list for PBXNativeTarget "SiriNew" */;
			buildPhases = (
				F244E945E0275FEA705BE06E /* [CP] Check Pods Manifest.lock */,
				856F991E23A29725001AA655 /* Sources */,
				856F991F23A29725001AA655 /* Frameworks */,
				856F992023A29725001AA655 /* Resources */,
				06798D62F981CA1BEE397CB1 /* [CP] Embed Pods Frameworks */,
				85404F7723C6820700E355F8 /* Embed App Extensions */,
				8550B78F256ED84F002D7E2D /* ShellScript */,
			);
			buildRules = (
			);
			dependencies = (
				85404F6C23C6820700E355F8 /* PBXTargetDependency */,
				85404F6F23C6820700E355F8 /* PBXTargetDependency */,
			);
			name = SiriNew;
			productName = SiriNew;
			productReference = 856F992223A29725001AA655 /* SiriNew.app */;
			productType = "com.apple.product-type.application";
		};
		856F993A23A29729001AA655 /* SiriNewTests */ = {
			isa = PBXNativeTarget;
			buildConfigurationList = 856F994723A29729001AA655 /* Build configuration list for PBXNativeTarget "SiriNewTests" */;
			buildPhases = (
				4980368A20C855107EF017DC /* [CP] Check Pods Manifest.lock */,
				856F993723A29729001AA655 /* Sources */,
				856F993823A29729001AA655 /* Frameworks */,
				856F993923A29729001AA655 /* Resources */,
			);
			buildRules = (
			);
			dependencies = (
				856F993D23A29729001AA655 /* PBXTargetDependency */,
			);
			name = SiriNewTests;
			productName = SiriNewTests;
			productReference = 856F993B23A29729001AA655 /* SiriNewTests.xctest */;
			productType = "com.apple.product-type.bundle.unit-test";
		};
/* End PBXNativeTarget section */

/* Begin PBXProject section */
		856F991A23A29725001AA655 /* Project object */ = {
			isa = PBXProject;
			attributes = {
				LastSwiftUpdateCheck = 1130;
				LastUpgradeCheck = 1120;
				ORGANIZATIONNAME = EricM;
				TargetAttributes = {
					85404F5823C6820700E355F8 = {
						CreatedOnToolsVersion = 11.3;
					};
					85404F6123C6820700E355F8 = {
						CreatedOnToolsVersion = 11.3;
					};
					856F992123A29725001AA655 = {
						CreatedOnToolsVersion = 11.2.1;
					};
					856F993A23A29729001AA655 = {
						CreatedOnToolsVersion = 11.2.1;
						TestTargetID = 856F992123A29725001AA655;
					};
				};
			};
			buildConfigurationList = 856F991D23A29725001AA655 /* Build configuration list for PBXProject "SiriNew" */;
			compatibilityVersion = "Xcode 9.3";
			developmentRegion = en;
			hasScannedForEncodings = 0;
			knownRegions = (
				en,
				Base,
			);
			mainGroup = 856F991923A29725001AA655;
			productRefGroup = 856F992323A29725001AA655 /* Products */;
			projectDirPath = "";
			projectRoot = "";
			targets = (
				856F992123A29725001AA655 /* SiriNew */,
				856F993A23A29729001AA655 /* SiriNewTests */,
				85404F5823C6820700E355F8 /* onOrOff */,
				85404F6123C6820700E355F8 /* onOrOffUI */,
			);
		};
/* End PBXProject section */

/* Begin PBXResourcesBuildPhase section */
		85404F5723C6820700E355F8 /* Resources */ = {
			isa = PBXResourcesBuildPhase;
			buildActionMask = 2147483647;
			files = (
			);
			runOnlyForDeploymentPostprocessing = 0;
		};
		85404F6023C6820700E355F8 /* Resources */ = {
			isa = PBXResourcesBuildPhase;
			buildActionMask = 2147483647;
			files = (
				85404F6923C6820700E355F8 /* MainInterface.storyboard in Resources */,
			);
			runOnlyForDeploymentPostprocessing = 0;
		};
		856F992023A29725001AA655 /* Resources */ = {
			isa = PBXResourcesBuildPhase;
			buildActionMask = 2147483647;
			files = (
				856F993523A29728001AA655 /* LaunchScreen.storyboard in Resources */,
				85404F5023C5348700E355F8 /* GoogleService-Info.plist in Resources */,
				856F993223A29728001AA655 /* Assets.xcassets in Resources */,
				8550B791256ED8D9002D7E2D /* rules.swiftlint.yml in Resources */,
				856F992D23A29725001AA655 /* Main.storyboard in Resources */,
			);
			runOnlyForDeploymentPostprocessing = 0;
		};
		856F993923A29729001AA655 /* Resources */ = {
			isa = PBXResourcesBuildPhase;
			buildActionMask = 2147483647;
			files = (
			);
			runOnlyForDeploymentPostprocessing = 0;
		};
/* End PBXResourcesBuildPhase section */

/* Begin PBXShellScriptBuildPhase section */
		06798D62F981CA1BEE397CB1 /* [CP] Embed Pods Frameworks */ = {
			isa = PBXShellScriptBuildPhase;
			buildActionMask = 2147483647;
			files = (
			);
			inputFileListPaths = (
				"${PODS_ROOT}/Target Support Files/Pods-SiriNew/Pods-SiriNew-frameworks-${CONFIGURATION}-input-files.xcfilelist",
			);
			name = "[CP] Embed Pods Frameworks";
			outputFileListPaths = (
				"${PODS_ROOT}/Target Support Files/Pods-SiriNew/Pods-SiriNew-frameworks-${CONFIGURATION}-output-files.xcfilelist",
			);
			runOnlyForDeploymentPostprocessing = 0;
			shellPath = /bin/sh;
			shellScript = "\"${PODS_ROOT}/Target Support Files/Pods-SiriNew/Pods-SiriNew-frameworks.sh\"\n";
			showEnvVarsInLog = 0;
		};
		4980368A20C855107EF017DC /* [CP] Check Pods Manifest.lock */ = {
			isa = PBXShellScriptBuildPhase;
			buildActionMask = 2147483647;
			files = (
			);
			inputFileListPaths = (
			);
			inputPaths = (
				"${PODS_PODFILE_DIR_PATH}/Podfile.lock",
				"${PODS_ROOT}/Manifest.lock",
			);
			name = "[CP] Check Pods Manifest.lock";
			outputFileListPaths = (
			);
			outputPaths = (
				"$(DERIVED_FILE_DIR)/Pods-SiriNewTests-checkManifestLockResult.txt",
			);
			runOnlyForDeploymentPostprocessing = 0;
			shellPath = /bin/sh;
			shellScript = "diff \"${PODS_PODFILE_DIR_PATH}/Podfile.lock\" \"${PODS_ROOT}/Manifest.lock\" > /dev/null\nif [ $? != 0 ] ; then\n    # print error to STDERR\n    echo \"error: The sandbox is not in sync with the Podfile.lock. Run 'pod install' or update your CocoaPods installation.\" >&2\n    exit 1\nfi\n# This output is used by Xcode 'outputs' to avoid re-running this script phase.\necho \"SUCCESS\" > \"${SCRIPT_OUTPUT_FILE_0}\"\n";
			showEnvVarsInLog = 0;
		};
		8550B78F256ED84F002D7E2D /* ShellScript */ = {
			isa = PBXShellScriptBuildPhase;
			buildActionMask = 2147483647;
			files = (
			);
			inputFileListPaths = (
			);
			inputPaths = (
			);
			outputFileListPaths = (
			);
			outputPaths = (
			);
			runOnlyForDeploymentPostprocessing = 0;
			shellPath = /bin/sh;
			shellScript = "if which swiftlint >/dev/null; then\n  swiftlint\nelse\n  echo \"warning: SwiftLint not installed, download from https://github.com/realm/SwiftLint\"\nfi\n";
		};
		F244E945E0275FEA705BE06E /* [CP] Check Pods Manifest.lock */ = {
			isa = PBXShellScriptBuildPhase;
			buildActionMask = 2147483647;
			files = (
			);
			inputFileListPaths = (
			);
			inputPaths = (
				"${PODS_PODFILE_DIR_PATH}/Podfile.lock",
				"${PODS_ROOT}/Manifest.lock",
			);
			name = "[CP] Check Pods Manifest.lock";
			outputFileListPaths = (
			);
			outputPaths = (
				"$(DERIVED_FILE_DIR)/Pods-SiriNew-checkManifestLockResult.txt",
			);
			runOnlyForDeploymentPostprocessing = 0;
			shellPath = /bin/sh;
			shellScript = "diff \"${PODS_PODFILE_DIR_PATH}/Podfile.lock\" \"${PODS_ROOT}/Manifest.lock\" > /dev/null\nif [ $? != 0 ] ; then\n    # print error to STDERR\n    echo \"error: The sandbox is not in sync with the Podfile.lock. Run 'pod install' or update your CocoaPods installation.\" >&2\n    exit 1\nfi\n# This output is used by Xcode 'outputs' to avoid re-running this script phase.\necho \"SUCCESS\" > \"${SCRIPT_OUTPUT_FILE_0}\"\n";
			showEnvVarsInLog = 0;
		};
/* End PBXShellScriptBuildPhase section */

/* Begin PBXSourcesBuildPhase section */
		85404F5523C6820700E355F8 /* Sources */ = {
			isa = PBXSourcesBuildPhase;
			buildActionMask = 2147483647;
			files = (
				85404F5C23C6820700E355F8 /* IntentHandler.swift in Sources */,
				85404F7F23C791CB00E355F8 /* LightIntents.intentdefinition in Sources */,
			);
			runOnlyForDeploymentPostprocessing = 0;
		};
		85404F5E23C6820700E355F8 /* Sources */ = {
			isa = PBXSourcesBuildPhase;
			buildActionMask = 2147483647;
			files = (
				85404F6623C6820700E355F8 /* IntentViewController.swift in Sources */,
				85404F7E23C791CA00E355F8 /* LightIntents.intentdefinition in Sources */,
			);
			runOnlyForDeploymentPostprocessing = 0;
		};
		856F991E23A29725001AA655 /* Sources */ = {
			isa = PBXSourcesBuildPhase;
			buildActionMask = 2147483647;
			files = (
				856F992A23A29725001AA655 /* ViewController.swift in Sources */,
				85404F7923C6875900E355F8 /* LightIntents.intentdefinition in Sources */,
				85404F8323C7A25100E355F8 /* LightIntentHandler.swift in Sources */,
				856F995523A421AC001AA655 /* Status.swift in Sources */,
				856F993023A29725001AA655 /* SiriNew.xcdatamodeld in Sources */,
				85404F5423C63FC600E355F8 /* ButtonList.swift in Sources */,
				856F992623A29725001AA655 /* AppDelegate.swift in Sources */,
				854F110323CE2DC70021C7DE /* LightActivity.swift in Sources */,
				856F995723A42B48001AA655 /* FirebaseService.swift in Sources */,
				85404F8123C79CD000E355F8 /* IntentHelper.swift in Sources */,
				85404F5223C5385A00E355F8 /* ButtonTableViewCell.swift in Sources */,
				856F992823A29725001AA655 /* SceneDelegate.swift in Sources */,
			);
			runOnlyForDeploymentPostprocessing = 0;
		};
		856F993723A29729001AA655 /* Sources */ = {
			isa = PBXSourcesBuildPhase;
			buildActionMask = 2147483647;
			files = (
				856F994023A29729001AA655 /* SiriNewTests.swift in Sources */,
			);
			runOnlyForDeploymentPostprocessing = 0;
		};
/* End PBXSourcesBuildPhase section */

/* Begin PBXTargetDependency section */
		85404F6C23C6820700E355F8 /* PBXTargetDependency */ = {
			isa = PBXTargetDependency;
			target = 85404F6123C6820700E355F8 /* onOrOffUI */;
			targetProxy = 85404F6B23C6820700E355F8 /* PBXContainerItemProxy */;
		};
		85404F6F23C6820700E355F8 /* PBXTargetDependency */ = {
			isa = PBXTargetDependency;
			target = 85404F5823C6820700E355F8 /* onOrOff */;
			targetProxy = 85404F6E23C6820700E355F8 /* PBXContainerItemProxy */;
		};
		856F993D23A29729001AA655 /* PBXTargetDependency */ = {
			isa = PBXTargetDependency;
			target = 856F992123A29725001AA655 /* SiriNew */;
			targetProxy = 856F993C23A29729001AA655 /* PBXContainerItemProxy */;
		};
/* End PBXTargetDependency section */

/* Begin PBXVariantGroup section */
		85404F6723C6820700E355F8 /* MainInterface.storyboard */ = {
			isa = PBXVariantGroup;
			children = (
				85404F6823C6820700E355F8 /* Base */,
			);
			name = MainInterface.storyboard;
			sourceTree = "<group>";
		};
		856F992B23A29725001AA655 /* Main.storyboard */ = {
			isa = PBXVariantGroup;
			children = (
				856F992C23A29725001AA655 /* Base */,
			);
			name = Main.storyboard;
			sourceTree = "<group>";
		};
		856F993323A29728001AA655 /* LaunchScreen.storyboard */ = {
			isa = PBXVariantGroup;
			children = (
				856F993423A29728001AA655 /* Base */,
			);
			name = LaunchScreen.storyboard;
			sourceTree = "<group>";
		};
/* End PBXVariantGroup section */

/* Begin XCBuildConfiguration section */
		85404F7223C6820700E355F8 /* Debug */ = {
			isa = XCBuildConfiguration;
			buildSettings = {
				CODE_SIGN_IDENTITY = "Apple Development";
				CODE_SIGN_STYLE = Automatic;
				DEVELOPMENT_TEAM = 26RHXP32FH;
				INFOPLIST_FILE = onOrOffUI/Info.plist;
				LD_RUNPATH_SEARCH_PATHS = (
					"$(inherited)",
					"@executable_path/Frameworks",
					"@executable_path/../../Frameworks",
				);
				PRODUCT_BUNDLE_IDENTIFIER = com.pursuit.lightsoff.onOrOffUI;
				PRODUCT_NAME = "$(TARGET_NAME)";
				SKIP_INSTALL = YES;
				SWIFT_VERSION = 5.0;
				TARGETED_DEVICE_FAMILY = "1,2";
			};
			name = Debug;
		};
		85404F7323C6820700E355F8 /* Release */ = {
			isa = XCBuildConfiguration;
			buildSettings = {
				CODE_SIGN_IDENTITY = "Apple Development";
				CODE_SIGN_STYLE = Automatic;
				DEVELOPMENT_TEAM = 26RHXP32FH;
				INFOPLIST_FILE = onOrOffUI/Info.plist;
				LD_RUNPATH_SEARCH_PATHS = (
					"$(inherited)",
					"@executable_path/Frameworks",
					"@executable_path/../../Frameworks",
				);
				PRODUCT_BUNDLE_IDENTIFIER = com.pursuit.lightsoff.onOrOffUI;
				PRODUCT_NAME = "$(TARGET_NAME)";
				SKIP_INSTALL = YES;
				SWIFT_VERSION = 5.0;
				TARGETED_DEVICE_FAMILY = "1,2";
			};
			name = Release;
		};
		85404F7523C6820700E355F8 /* Debug */ = {
			isa = XCBuildConfiguration;
			buildSettings = {
				CODE_SIGN_ENTITLEMENTS = onOrOff/onOrOff.entitlements;
				CODE_SIGN_IDENTITY = "Apple Development";
				CODE_SIGN_STYLE = Automatic;
				DEVELOPMENT_TEAM = NTBTFC5S66;
				INFOPLIST_FILE = onOrOff/Info.plist;
				LD_RUNPATH_SEARCH_PATHS = (
					"$(inherited)",
					"@executable_path/Frameworks",
					"@executable_path/../../Frameworks",
				);
				PRODUCT_BUNDLE_IDENTIFIER = com.pursuit.lightsoff.onOrOff;
				PRODUCT_NAME = "$(TARGET_NAME)";
				SKIP_INSTALL = YES;
				SWIFT_VERSION = 5.0;
				TARGETED_DEVICE_FAMILY = "1,2";
			};
			name = Debug;
		};
		85404F7623C6820700E355F8 /* Release */ = {
			isa = XCBuildConfiguration;
			buildSettings = {
				CODE_SIGN_ENTITLEMENTS = onOrOff/onOrOff.entitlements;
				CODE_SIGN_IDENTITY = "Apple Development";
				CODE_SIGN_STYLE = Automatic;
				DEVELOPMENT_TEAM = NTBTFC5S66;
				INFOPLIST_FILE = onOrOff/Info.plist;
				LD_RUNPATH_SEARCH_PATHS = (
					"$(inherited)",
					"@executable_path/Frameworks",
					"@executable_path/../../Frameworks",
				);
				PRODUCT_BUNDLE_IDENTIFIER = com.pursuit.lightsoff.onOrOff;
				PRODUCT_NAME = "$(TARGET_NAME)";
				SKIP_INSTALL = YES;
				SWIFT_VERSION = 5.0;
				TARGETED_DEVICE_FAMILY = "1,2";
			};
			name = Release;
		};
		856F994223A29729001AA655 /* Debug */ = {
			isa = XCBuildConfiguration;
			buildSettings = {
				ALWAYS_SEARCH_USER_PATHS = NO;
				CLANG_ANALYZER_NONNULL = YES;
				CLANG_ANALYZER_NUMBER_OBJECT_CONVERSION = YES_AGGRESSIVE;
				CLANG_CXX_LANGUAGE_STANDARD = "gnu++14";
				CLANG_CXX_LIBRARY = "libc++";
				CLANG_ENABLE_MODULES = YES;
				CLANG_ENABLE_OBJC_ARC = YES;
				CLANG_ENABLE_OBJC_WEAK = YES;
				CLANG_WARN_BLOCK_CAPTURE_AUTORELEASING = YES;
				CLANG_WARN_BOOL_CONVERSION = YES;
				CLANG_WARN_COMMA = YES;
				CLANG_WARN_CONSTANT_CONVERSION = YES;
				CLANG_WARN_DEPRECATED_OBJC_IMPLEMENTATIONS = YES;
				CLANG_WARN_DIRECT_OBJC_ISA_USAGE = YES_ERROR;
				CLANG_WARN_DOCUMENTATION_COMMENTS = YES;
				CLANG_WARN_EMPTY_BODY = YES;
				CLANG_WARN_ENUM_CONVERSION = YES;
				CLANG_WARN_INFINITE_RECURSION = YES;
				CLANG_WARN_INT_CONVERSION = YES;
				CLANG_WARN_NON_LITERAL_NULL_CONVERSION = YES;
				CLANG_WARN_OBJC_IMPLICIT_RETAIN_SELF = YES;
				CLANG_WARN_OBJC_LITERAL_CONVERSION = YES;
				CLANG_WARN_OBJC_ROOT_CLASS = YES_ERROR;
				CLANG_WARN_RANGE_LOOP_ANALYSIS = YES;
				CLANG_WARN_STRICT_PROTOTYPES = YES;
				CLANG_WARN_SUSPICIOUS_MOVE = YES;
				CLANG_WARN_UNGUARDED_AVAILABILITY = YES_AGGRESSIVE;
				CLANG_WARN_UNREACHABLE_CODE = YES;
				CLANG_WARN__DUPLICATE_METHOD_MATCH = YES;
				COPY_PHASE_STRIP = NO;
				DEBUG_INFORMATION_FORMAT = dwarf;
				ENABLE_STRICT_OBJC_MSGSEND = YES;
				ENABLE_TESTABILITY = YES;
				GCC_C_LANGUAGE_STANDARD = gnu11;
				GCC_DYNAMIC_NO_PIC = NO;
				GCC_NO_COMMON_BLOCKS = YES;
				GCC_OPTIMIZATION_LEVEL = 0;
				GCC_PREPROCESSOR_DEFINITIONS = (
					"DEBUG=1",
					"$(inherited)",
				);
				GCC_WARN_64_TO_32_BIT_CONVERSION = YES;
				GCC_WARN_ABOUT_RETURN_TYPE = YES_ERROR;
				GCC_WARN_UNDECLARED_SELECTOR = YES;
				GCC_WARN_UNINITIALIZED_AUTOS = YES_AGGRESSIVE;
				GCC_WARN_UNUSED_FUNCTION = YES;
				GCC_WARN_UNUSED_VARIABLE = YES;
				IPHONEOS_DEPLOYMENT_TARGET = 13.2;
				MTL_ENABLE_DEBUG_INFO = INCLUDE_SOURCE;
				MTL_FAST_MATH = YES;
				ONLY_ACTIVE_ARCH = YES;
				SDKROOT = iphoneos;
				SWIFT_ACTIVE_COMPILATION_CONDITIONS = DEBUG;
				SWIFT_OPTIMIZATION_LEVEL = "-Onone";
			};
			name = Debug;
		};
		856F994323A29729001AA655 /* Release */ = {
			isa = XCBuildConfiguration;
			buildSettings = {
				ALWAYS_SEARCH_USER_PATHS = NO;
				CLANG_ANALYZER_NONNULL = YES;
				CLANG_ANALYZER_NUMBER_OBJECT_CONVERSION = YES_AGGRESSIVE;
				CLANG_CXX_LANGUAGE_STANDARD = "gnu++14";
				CLANG_CXX_LIBRARY = "libc++";
				CLANG_ENABLE_MODULES = YES;
				CLANG_ENABLE_OBJC_ARC = YES;
				CLANG_ENABLE_OBJC_WEAK = YES;
				CLANG_WARN_BLOCK_CAPTURE_AUTORELEASING = YES;
				CLANG_WARN_BOOL_CONVERSION = YES;
				CLANG_WARN_COMMA = YES;
				CLANG_WARN_CONSTANT_CONVERSION = YES;
				CLANG_WARN_DEPRECATED_OBJC_IMPLEMENTATIONS = YES;
				CLANG_WARN_DIRECT_OBJC_ISA_USAGE = YES_ERROR;
				CLANG_WARN_DOCUMENTATION_COMMENTS = YES;
				CLANG_WARN_EMPTY_BODY = YES;
				CLANG_WARN_ENUM_CONVERSION = YES;
				CLANG_WARN_INFINITE_RECURSION = YES;
				CLANG_WARN_INT_CONVERSION = YES;
				CLANG_WARN_NON_LITERAL_NULL_CONVERSION = YES;
				CLANG_WARN_OBJC_IMPLICIT_RETAIN_SELF = YES;
				CLANG_WARN_OBJC_LITERAL_CONVERSION = YES;
				CLANG_WARN_OBJC_ROOT_CLASS = YES_ERROR;
				CLANG_WARN_RANGE_LOOP_ANALYSIS = YES;
				CLANG_WARN_STRICT_PROTOTYPES = YES;
				CLANG_WARN_SUSPICIOUS_MOVE = YES;
				CLANG_WARN_UNGUARDED_AVAILABILITY = YES_AGGRESSIVE;
				CLANG_WARN_UNREACHABLE_CODE = YES;
				CLANG_WARN__DUPLICATE_METHOD_MATCH = YES;
				COPY_PHASE_STRIP = NO;
				DEBUG_INFORMATION_FORMAT = "dwarf-with-dsym";
				ENABLE_NS_ASSERTIONS = NO;
				ENABLE_STRICT_OBJC_MSGSEND = YES;
				GCC_C_LANGUAGE_STANDARD = gnu11;
				GCC_NO_COMMON_BLOCKS = YES;
				GCC_WARN_64_TO_32_BIT_CONVERSION = YES;
				GCC_WARN_ABOUT_RETURN_TYPE = YES_ERROR;
				GCC_WARN_UNDECLARED_SELECTOR = YES;
				GCC_WARN_UNINITIALIZED_AUTOS = YES_AGGRESSIVE;
				GCC_WARN_UNUSED_FUNCTION = YES;
				GCC_WARN_UNUSED_VARIABLE = YES;
				IPHONEOS_DEPLOYMENT_TARGET = 13.2;
				MTL_ENABLE_DEBUG_INFO = NO;
				MTL_FAST_MATH = YES;
				SDKROOT = iphoneos;
				SWIFT_COMPILATION_MODE = wholemodule;
				SWIFT_OPTIMIZATION_LEVEL = "-O";
				VALIDATE_PRODUCT = YES;
			};
			name = Release;
		};
		856F994523A29729001AA655 /* Debug */ = {
			isa = XCBuildConfiguration;
			baseConfigurationReference = 14051BC6DEBA4AFA49942B09 /* Pods-SiriNew.debug.xcconfig */;
			buildSettings = {
				ALWAYS_EMBED_SWIFT_STANDARD_LIBRARIES = YES;
				ASSETCATALOG_COMPILER_APPICON_NAME = AppIcon;
				CODE_SIGN_ENTITLEMENTS = SiriNew/SiriNew.entitlements;
				CODE_SIGN_IDENTITY = "Apple Development";
				CODE_SIGN_STYLE = Automatic;
				DEVELOPMENT_TEAM = 26RHXP32FH;
				INFOPLIST_FILE = SiriNew/Info.plist;
				LD_RUNPATH_SEARCH_PATHS = (
					"$(inherited)",
					"@executable_path/Frameworks",
				);
				PRODUCT_BUNDLE_IDENTIFIER = com.pursuit.lightsoff;
				PRODUCT_NAME = "$(TARGET_NAME)";
				PROVISIONING_PROFILE_SPECIFIER = "";
				SWIFT_VERSION = 5.0;
				TARGETED_DEVICE_FAMILY = "1,2";
			};
			name = Debug;
		};
		856F994623A29729001AA655 /* Release */ = {
			isa = XCBuildConfiguration;
			baseConfigurationReference = 7CD7537E191E15951898C59C /* Pods-SiriNew.release.xcconfig */;
			buildSettings = {
				ALWAYS_EMBED_SWIFT_STANDARD_LIBRARIES = YES;
				ASSETCATALOG_COMPILER_APPICON_NAME = AppIcon;
				CODE_SIGN_ENTITLEMENTS = SiriNew/SiriNew.entitlements;
				CODE_SIGN_IDENTITY = "Apple Development";
				CODE_SIGN_STYLE = Automatic;
				DEVELOPMENT_TEAM = 26RHXP32FH;
				INFOPLIST_FILE = SiriNew/Info.plist;
				LD_RUNPATH_SEARCH_PATHS = (
					"$(inherited)",
					"@executable_path/Frameworks",
				);
				PRODUCT_BUNDLE_IDENTIFIER = com.pursuit.lightsoff;
				PRODUCT_NAME = "$(TARGET_NAME)";
				PROVISIONING_PROFILE_SPECIFIER = "";
				SWIFT_VERSION = 5.0;
				TARGETED_DEVICE_FAMILY = "1,2";
			};
			name = Release;
		};
		856F994823A29729001AA655 /* Debug */ = {
			isa = XCBuildConfiguration;
			baseConfigurationReference = 227185C0762068489A639DCE /* Pods-SiriNewTests.debug.xcconfig */;
			buildSettings = {
				ALWAYS_EMBED_SWIFT_STANDARD_LIBRARIES = YES;
				BUNDLE_LOADER = "$(TEST_HOST)";
				"CODE_SIGN_IDENTITY[sdk=macosx*]" = "Apple Development";
				CODE_SIGN_STYLE = Automatic;
				DEVELOPMENT_TEAM = BBQX6SNL69;
				INFOPLIST_FILE = SiriNewTests/Info.plist;
				IPHONEOS_DEPLOYMENT_TARGET = 13.2;
				LD_RUNPATH_SEARCH_PATHS = (
					"$(inherited)",
					"@executable_path/Frameworks",
					"@loader_path/Frameworks",
				);
				PRODUCT_BUNDLE_IDENTIFIER = practice.SiriNewTests;
				PRODUCT_NAME = "$(TARGET_NAME)";
				SWIFT_VERSION = 5.0;
				TARGETED_DEVICE_FAMILY = "1,2";
				TEST_HOST = "$(BUILT_PRODUCTS_DIR)/SiriNew.app/SiriNew";
			};
			name = Debug;
		};
		856F994923A29729001AA655 /* Release */ = {
			isa = XCBuildConfiguration;
			baseConfigurationReference = 24F5CF4DF92771DCDCD6CAC5 /* Pods-SiriNewTests.release.xcconfig */;
			buildSettings = {
				ALWAYS_EMBED_SWIFT_STANDARD_LIBRARIES = YES;
				BUNDLE_LOADER = "$(TEST_HOST)";
				"CODE_SIGN_IDENTITY[sdk=macosx*]" = "Apple Development";
				CODE_SIGN_STYLE = Automatic;
				DEVELOPMENT_TEAM = BBQX6SNL69;
				INFOPLIST_FILE = SiriNewTests/Info.plist;
				IPHONEOS_DEPLOYMENT_TARGET = 13.2;
				LD_RUNPATH_SEARCH_PATHS = (
					"$(inherited)",
					"@executable_path/Frameworks",
					"@loader_path/Frameworks",
				);
				PRODUCT_BUNDLE_IDENTIFIER = practice.SiriNewTests;
				PRODUCT_NAME = "$(TARGET_NAME)";
				SWIFT_VERSION = 5.0;
				TARGETED_DEVICE_FAMILY = "1,2";
				TEST_HOST = "$(BUILT_PRODUCTS_DIR)/SiriNew.app/SiriNew";
			};
			name = Release;
		};
/* End XCBuildConfiguration section */

/* Begin XCConfigurationList section */
		85404F7123C6820700E355F8 /* Build configuration list for PBXNativeTarget "onOrOffUI" */ = {
			isa = XCConfigurationList;
			buildConfigurations = (
				85404F7223C6820700E355F8 /* Debug */,
				85404F7323C6820700E355F8 /* Release */,
			);
			defaultConfigurationIsVisible = 0;
			defaultConfigurationName = Release;
		};
		85404F7423C6820700E355F8 /* Build configuration list for PBXNativeTarget "onOrOff" */ = {
			isa = XCConfigurationList;
			buildConfigurations = (
				85404F7523C6820700E355F8 /* Debug */,
				85404F7623C6820700E355F8 /* Release */,
			);
			defaultConfigurationIsVisible = 0;
			defaultConfigurationName = Release;
		};
		856F991D23A29725001AA655 /* Build configuration list for PBXProject "SiriNew" */ = {
			isa = XCConfigurationList;
			buildConfigurations = (
				856F994223A29729001AA655 /* Debug */,
				856F994323A29729001AA655 /* Release */,
			);
			defaultConfigurationIsVisible = 0;
			defaultConfigurationName = Release;
		};
		856F994423A29729001AA655 /* Build configuration list for PBXNativeTarget "SiriNew" */ = {
			isa = XCConfigurationList;
			buildConfigurations = (
				856F994523A29729001AA655 /* Debug */,
				856F994623A29729001AA655 /* Release */,
			);
			defaultConfigurationIsVisible = 0;
			defaultConfigurationName = Release;
		};
		856F994723A29729001AA655 /* Build configuration list for PBXNativeTarget "SiriNewTests" */ = {
			isa = XCConfigurationList;
			buildConfigurations = (
				856F994823A29729001AA655 /* Debug */,
				856F994923A29729001AA655 /* Release */,
			);
			defaultConfigurationIsVisible = 0;
			defaultConfigurationName = Release;
		};
/* End XCConfigurationList section */

/* Begin XCVersionGroup section */
		856F992E23A29725001AA655 /* SiriNew.xcdatamodeld */ = {
			isa = XCVersionGroup;
			children = (
				856F992F23A29725001AA655 /* SiriNew.xcdatamodel */,
			);
			currentVersion = 856F992F23A29725001AA655 /* SiriNew.xcdatamodel */;
			path = SiriNew.xcdatamodeld;
			sourceTree = "<group>";
			versionGroupType = wrapper.xcdatamodel;
		};
/* End XCVersionGroup section */
	};
	rootObject = 856F991A23A29725001AA655 /* Project object */;
}
